
Microsoft Visual Studio Solution File, Format Version 12.00
# Visual Studio Version 16
VisualStudioVersion = 16.0.29020.237
MinimumVisualStudioVersion = 10.0.40219.1
Project("{9A19103F-16F7-4668-BE54-9A1E7A4F7556}") = "Contract", "Contract\Contract.csproj", "{B28E0EE1-E028-4941-9496-9CB9D11FE100}"
EndProject
Project("{9A19103F-16F7-4668-BE54-9A1E7A4F7556}") = "Mass Transit", "Mass Transit\Mass Transit.csproj", "{8B2A8AA7-7DFA-480D-BA4B-285AC974D722}"
EndProject
Project("{9A19103F-16F7-4668-BE54-9A1E7A4F7556}") = "WebApiMassTransit", "WebApiMassTransit\WebApiMassTransit.csproj", "{920D41F9-61D7-473E-AFC5-84E7176E6099}"
EndProject
Project("{E53339B2-1760-4266-BCC7-CA923CBCF16C}") = "docker-compose", "docker-compose.dcproj", "{672E6AFB-AB8F-4BFE-A87D-E221A93A729D}"
EndProject
Global
	GlobalSection(SolutionConfigurationPlatforms) = preSolution
		Debug|Any CPU = Debug|Any CPU
		Release|Any CPU = Release|Any CPU
	EndGlobalSection
	GlobalSection(ProjectConfigurationPlatforms) = postSolution
		{B28E0EE1-E028-4941-9496-9CB9D11FE100}.Debug|Any CPU.ActiveCfg = Debug|Any CPU
		{B28E0EE1-E028-4941-9496-9CB9D11FE100}.Debug|Any CPU.Build.0 = Debug|Any CPU
		{B28E0EE1-E028-4941-9496-9CB9D11FE100}.Release|Any CPU.ActiveCfg = Release|Any CPU
		{B28E0EE1-E028-4941-9496-9CB9D11FE100}.Release|Any CPU.Build.0 = Release|Any CPU
		{8B2A8AA7-7DFA-480D-BA4B-285AC974D722}.Debug|Any CPU.ActiveCfg = Debug|Any CPU
		{8B2A8AA7-7DFA-480D-BA4B-285AC974D722}.Debug|Any CPU.Build.0 = Debug|Any CPU
		{8B2A8AA7-7DFA-480D-BA4B-285AC974D722}.Release|Any CPU.ActiveCfg = Release|Any CPU
		{8B2A8AA7-7DFA-480D-BA4B-285AC974D722}.Release|Any CPU.Build.0 = Release|Any CPU
		{920D41F9-61D7-473E-AFC5-84E7176E6099}.Debug|Any CPU.ActiveCfg = Debug|Any CPU
		{920D41F9-61D7-473E-AFC5-84E7176E6099}.Debug|Any CPU.Build.0 = Debug|Any CPU
		{920D41F9-61D7-473E-AFC5-84E7176E6099}.Release|Any CPU.ActiveCfg = Release|Any CPU
		{920D41F9-61D7-473E-AFC5-84E7176E6099}.Release|Any CPU.Build.0 = Release|Any CPU
		{672E6AFB-AB8F-4BFE-A87D-E221A93A729D}.Debug|Any CPU.ActiveCfg = Debug|Any CPU
		{672E6AFB-AB8F-4BFE-A87D-E221A93A729D}.Debug|Any CPU.Build.0 = Debug|Any CPU
		{672E6AFB-AB8F-4BFE-A87D-E221A93A729D}.Release|Any CPU.ActiveCfg = Release|Any CPU
		{672E6AFB-AB8F-4BFE-A87D-E221A93A729D}.Release|Any CPU.Build.0 = Release|Any CPU
	EndGlobalSection
	GlobalSection(SolutionProperties) = preSolution
		HideSolutionNode = FALSE
	EndGlobalSection
	GlobalSection(ExtensibilityGlobals) = postSolution
		SolutionGuid = {6680297F-F190-4470-BD1C-CB16B85C6799}
	EndGlobalSection
EndGlobal
